
Microsoft Visual Studio Solution File, Format Version 12.00
# Visual Studio 15
VisualStudioVersion = 15.0.28307.168
MinimumVisualStudioVersion = 10.0.40219.1
Project("{FAE04EC0-301F-11D3-BF4B-00C04F79EFBC}") = "MovieLibrary", "MovieLibrary\MovieLibrary.csproj", "{6482F428-2D65-416E-BFBE-64C9A37CA8D2}"
EndProject
Project("{FAE04EC0-301F-11D3-BF4B-00C04F79EFBC}") = "MovieLibrary.Tests", "MovieLibrary.Tests\MovieLibrary.Tests.csproj", "{046D29B7-9A1C-49E0-BB65-AFD91EFC1142}"
EndProject
Project("{E53339B2-1760-4266-BCC7-CA923CBCF16C}") = "docker-compose", "docker-compose.dcproj", "{3AAF0648-8B4D-4732-A306-CE4C3D803C30}"
EndProject
Global
	GlobalSection(SolutionConfigurationPlatforms) = preSolution
		Debug|Any CPU = Debug|Any CPU
		Release|Any CPU = Release|Any CPU
	EndGlobalSection
	GlobalSection(ProjectConfigurationPlatforms) = postSolution
		{6482F428-2D65-416E-BFBE-64C9A37CA8D2}.Debug|Any CPU.ActiveCfg = Debug|Any CPU
		{6482F428-2D65-416E-BFBE-64C9A37CA8D2}.Debug|Any CPU.Build.0 = Debug|Any CPU
		{6482F428-2D65-416E-BFBE-64C9A37CA8D2}.Release|Any CPU.ActiveCfg = Release|Any CPU
		{6482F428-2D65-416E-BFBE-64C9A37CA8D2}.Release|Any CPU.Build.0 = Release|Any CPU
		{046D29B7-9A1C-49E0-BB65-AFD91EFC1142}.Debug|Any CPU.ActiveCfg = Debug|Any CPU
		{046D29B7-9A1C-49E0-BB65-AFD91EFC1142}.Debug|Any CPU.Build.0 = Debug|Any CPU
		{046D29B7-9A1C-49E0-BB65-AFD91EFC1142}.Release|Any CPU.ActiveCfg = Release|Any CPU
		{046D29B7-9A1C-49E0-BB65-AFD91EFC1142}.Release|Any CPU.Build.0 = Release|Any CPU
		{3AAF0648-8B4D-4732-A306-CE4C3D803C30}.Debug|Any CPU.ActiveCfg = Debug|Any CPU
		{3AAF0648-8B4D-4732-A306-CE4C3D803C30}.Debug|Any CPU.Build.0 = Debug|Any CPU
		{3AAF0648-8B4D-4732-A306-CE4C3D803C30}.Release|Any CPU.ActiveCfg = Release|Any CPU
		{3AAF0648-8B4D-4732-A306-CE4C3D803C30}.Release|Any CPU.Build.0 = Release|Any CPU
	EndGlobalSection
	GlobalSection(SolutionProperties) = preSolution
		HideSolutionNode = FALSE
	EndGlobalSection
	GlobalSection(ExtensibilityGlobals) = postSolution
		SolutionGuid = {1006BC81-1F62-45EC-B8CC-9D8713C9BA3A}
	EndGlobalSection
EndGlobal
